{
  "requires": true,
  "lockfileVersion": 1,
  "dependencies": {
    "clone": {
      "version": "1.0.4",
      "resolved": "https://registry.npmjs.org/clone/-/clone-1.0.4.tgz",
      "integrity": "sha1-2jCcwmPfFZlMaIypAheco8fNfH4="
    },
    "csv": {
      "version": "5.1.3",
      "resolved": "https://registry.npmjs.org/csv/-/csv-5.1.3.tgz",
      "integrity": "sha512-uHPF5nxxFgcBQ/Mkicjh+IcQJeooIcN8gS/5mnvIdIccLh3Qf792jXE00ovdYDmABhE0yTMNCZgx3ZsBrR2GoQ==",
      "requires": {
        "csv-generate": "^3.2.3",
        "csv-parse": "^4.4.6",
        "csv-stringify": "^5.3.3",
        "stream-transform": "^2.0.1"
      }
    },
    "csv-generate": {
      "version": "3.2.3",
      "resolved": "https://registry.npmjs.org/csv-generate/-/csv-generate-3.2.3.tgz",
      "integrity": "sha512-IcR3K0Nx+nJAkcU2eAglVR7DuHnxcuhUM2w2cR+aHOW7bZp2S5LyN2HF3zTkp6BV/DjR6ykoKznUm+AjnWcOKg=="
    },
    "csv-parse": {
      "version": "4.6.3",
      "resolved": "https://registry.npmjs.org/csv-parse/-/csv-parse-4.6.3.tgz",
      "integrity": "sha512-pAxEb5kabSaKEwqSXv7vpq6eucXQgY67MLpeLwnYCd21YjTD5OCIIIXGKyUKN/uNQNnzW/elNfxJfozQ1EjB/g==",
      "requires": {
        "pad": "^3.2.0"
      }
    },
    "csv-stringify": {
      "version": "5.3.3",
      "resolved": "https://registry.npmjs.org/csv-stringify/-/csv-stringify-5.3.3.tgz",
      "integrity": "sha512-q8Qj+/lN74LRmG7Mg0LauE5WcnJOD5MEGe1gI57IYJCB61KWuEbAFHm1uIPDkI26aqElyBB57SlE2GGwq2EY5A=="
    },
    "defaults": {
      "version": "1.0.3",
      "resolved": "https://registry.npmjs.org/defaults/-/defaults-1.0.3.tgz",
      "integrity": "sha1-xlYFHpgX2f8I7YgUd/P+QBnz730=",
      "requires": {
        "clone": "^1.0.2"
      }
    },
    "mixme": {
      "version": "0.3.2",
      "resolved": "https://registry.npmjs.org/mixme/-/mixme-0.3.2.tgz",
      "integrity": "sha512-tilCZOvIhRETXJuTmxxpz8mgplF7gmFhcH05JuR/YL+JLO98gLRQ1Mk4XpYQxxbPMKupSOv+Bidw7EKv8wds1w=="
    },
    "pad": {
      "version": "3.2.0",
      "resolved": "https://registry.npmjs.org/pad/-/pad-3.2.0.tgz",
      "integrity": "sha512-2u0TrjcGbOjBTJpyewEl4hBO3OeX5wWue7eIFPzQTg6wFSvoaHcBTTUY5m+n0hd04gmTCPuY0kCpVIVuw5etwg==",
      "requires": {
        "wcwidth": "^1.0.1"
      }
    },
    "stream-transform": {
      "version": "2.0.1",
      "resolved": "https://registry.npmjs.org/stream-transform/-/stream-transform-2.0.1.tgz",
      "integrity": "sha512-GiTcO/rRvZP2R8WPwxmxCFP+Of1yIATuFAmYkvSLDfcD93X2WHiPwdgIqeFT2CvL1gyAsjQvu1nB6RDNQ5b2jw==",
      "requires": {
        "mixme": "^0.3.1"
      }
    },
    "wcwidth": {
      "version": "1.0.1",
      "resolved": "https://registry.npmjs.org/wcwidth/-/wcwidth-1.0.1.tgz",
      "integrity": "sha1-8LDc+RW8X/FSivrbLA4XtTLaL+g=",
      "requires": {
        "defaults": "^1.0.3"
      }
    }
  }
}
